
Microsoft Visual Studio Solution File, Format Version 12.00
# Visual Studio Version 17
VisualStudioVersion = 17.7.34202.233
MinimumVisualStudioVersion = 10.0.40219.1
Project("{9A19103F-16F7-4668-BE54-9A1E7A4F7556}") = "WorldleAlgorihtm", "WorldleAlgorihtm\WorldleAlgorihtm.csproj", "{E4059223-4BE3-4B59-BE84-1FC246AD32F1}"
EndProject
Project("{FAE04EC0-301F-11D3-BF4B-00C04F79EFBC}") = "Wordle_UI", "Wordle_UI\Wordle_UI.csproj", "{CFD55D84-2574-440D-9357-C97BB7F6BE1C}"
EndProject
Global
	GlobalSection(SolutionConfigurationPlatforms) = preSolution
		Debug|Any CPU = Debug|Any CPU
		Debug|iPhone = Debug|iPhone
		Debug|iPhoneSimulator = Debug|iPhoneSimulator
		Release|Any CPU = Release|Any CPU
		Release|iPhone = Release|iPhone
		Release|iPhoneSimulator = Release|iPhoneSimulator
	EndGlobalSection
	GlobalSection(ProjectConfigurationPlatforms) = postSolution
		{E4059223-4BE3-4B59-BE84-1FC246AD32F1}.Debug|Any CPU.ActiveCfg = Debug|Any CPU
		{E4059223-4BE3-4B59-BE84-1FC246AD32F1}.Debug|Any CPU.Build.0 = Debug|Any CPU
		{E4059223-4BE3-4B59-BE84-1FC246AD32F1}.Debug|iPhone.ActiveCfg = Debug|Any CPU
		{E4059223-4BE3-4B59-BE84-1FC246AD32F1}.Debug|iPhone.Build.0 = Debug|Any CPU
		{E4059223-4BE3-4B59-BE84-1FC246AD32F1}.Debug|iPhoneSimulator.ActiveCfg = Debug|Any CPU
		{E4059223-4BE3-4B59-BE84-1FC246AD32F1}.Debug|iPhoneSimulator.Build.0 = Debug|Any CPU
		{E4059223-4BE3-4B59-BE84-1FC246AD32F1}.Release|Any CPU.ActiveCfg = Release|Any CPU
		{E4059223-4BE3-4B59-BE84-1FC246AD32F1}.Release|Any CPU.Build.0 = Release|Any CPU
		{E4059223-4BE3-4B59-BE84-1FC246AD32F1}.Release|iPhone.ActiveCfg = Release|Any CPU
		{E4059223-4BE3-4B59-BE84-1FC246AD32F1}.Release|iPhone.Build.0 = Release|Any CPU
		{E4059223-4BE3-4B59-BE84-1FC246AD32F1}.Release|iPhoneSimulator.ActiveCfg = Release|Any CPU
		{E4059223-4BE3-4B59-BE84-1FC246AD32F1}.Release|iPhoneSimulator.Build.0 = Release|Any CPU
		{CFD55D84-2574-440D-9357-C97BB7F6BE1C}.Debug|Any CPU.ActiveCfg = Debug|Any CPU
		{CFD55D84-2574-440D-9357-C97BB7F6BE1C}.Debug|Any CPU.Build.0 = Debug|Any CPU
		{CFD55D84-2574-440D-9357-C97BB7F6BE1C}.Debug|iPhone.ActiveCfg = Debug|Any CPU
		{CFD55D84-2574-440D-9357-C97BB7F6BE1C}.Debug|iPhone.Build.0 = Debug|Any CPU
		{CFD55D84-2574-440D-9357-C97BB7F6BE1C}.Debug|iPhoneSimulator.ActiveCfg = Debug|Any CPU
		{CFD55D84-2574-440D-9357-C97BB7F6BE1C}.Debug|iPhoneSimulator.Build.0 = Debug|Any CPU
		{CFD55D84-2574-440D-9357-C97BB7F6BE1C}.Release|Any CPU.ActiveCfg = Release|Any CPU
		{CFD55D84-2574-440D-9357-C97BB7F6BE1C}.Release|Any CPU.Build.0 = Release|Any CPU
		{CFD55D84-2574-440D-9357-C97BB7F6BE1C}.Release|iPhone.ActiveCfg = Release|Any CPU
		{CFD55D84-2574-440D-9357-C97BB7F6BE1C}.Release|iPhone.Build.0 = Release|Any CPU
		{CFD55D84-2574-440D-9357-C97BB7F6BE1C}.Release|iPhoneSimulator.ActiveCfg = Release|Any CPU
		{CFD55D84-2574-440D-9357-C97BB7F6BE1C}.Release|iPhoneSimulator.Build.0 = Release|Any CPU
	EndGlobalSection
	GlobalSection(SolutionProperties) = preSolution
		HideSolutionNode = FALSE
	EndGlobalSection
	GlobalSection(ExtensibilityGlobals) = postSolution
		SolutionGuid = {635B2F23-8A33-4577-B1F2-FDC66AC89522}
	EndGlobalSection
EndGlobal
